
Microsoft Visual Studio Solution File, Format Version 12.00
# Visual Studio Version 17
VisualStudioVersion = 17.5.002.0
MinimumVisualStudioVersion = 10.0.40219.1
Project("{9A19103F-16F7-4668-BE54-9A1E7A4F7556}") = "CardboardArchivistAPI", "server\CardboardArchivistAPI.csproj", "{DE12A0CA-16B7-4DD5-ADD3-8F9D859E978B}"
EndProject
Global
	GlobalSection(SolutionConfigurationPlatforms) = preSolution
		Debug|Any CPU = Debug|Any CPU
		Release|Any CPU = Release|Any CPU
	EndGlobalSection
	GlobalSection(ProjectConfigurationPlatforms) = postSolution
		{DE12A0CA-16B7-4DD5-ADD3-8F9D859E978B}.Debug|Any CPU.ActiveCfg = Debug|Any CPU
		{DE12A0CA-16B7-4DD5-ADD3-8F9D859E978B}.Debug|Any CPU.Build.0 = Debug|Any CPU
		{DE12A0CA-16B7-4DD5-ADD3-8F9D859E978B}.Release|Any CPU.ActiveCfg = Release|Any CPU
		{DE12A0CA-16B7-4DD5-ADD3-8F9D859E978B}.Release|Any CPU.Build.0 = Release|Any CPU
	EndGlobalSection
	GlobalSection(SolutionProperties) = preSolution
		HideSolutionNode = FALSE
	EndGlobalSection
	GlobalSection(ExtensibilityGlobals) = postSolution
		SolutionGuid = {11DFEE38-3DD5-4094-9A52-AF6377E9F9C2}
	EndGlobalSection
EndGlobal
